# This file was autogenerated by Stack.
# You should not edit this file by hand.
# For more information, please see the documentation at:
#   https://docs.haskellstack.org/en/stable/lock_files

packages:
- completed:
    name: telegram-bot-simple
    version: 0.5.2
    git: https://github.com/badochov/telegram-bot-simple.git
    pantry-tree:
      size: 3253
      sha256: bd9541140e0a7a9bfb1cc695f7d318a95d9103a2cf12325cd3d28adfda8ac75b
    commit: b970f1cc60fe3ee32042da97bfa37c7674470423
  original:
    git: https://github.com/badochov/telegram-bot-simple.git
    commit: b970f1cc60fe3ee32042da97bfa37c7674470423
snapshots:
- completed:
    size: 618952
    url: https://raw.githubusercontent.com/commercialhaskell/stackage-snapshots/master/lts/19/15.yaml
    sha256: 82e5ccb47b068521de4055034e8aa278eab430b586881d9cc29ba8b382ce3253
  original:
    url: https://raw.githubusercontent.com/commercialhaskell/stackage-snapshots/master/lts/19/15.yaml
